
Microsoft Visual Studio Solution File, Format Version 12.00
Project("{FAE04EC0-301F-11D3-BF4B-00C04F79EFBC}") = "NorthwindServer", "NorthwindServer\NorthwindServer.csproj", "{193AD486-0F13-4FBA-B4E9-28FE208FBF13}"
	ProjectSection(ProjectDependencies) = postProject
		{C4AADB57-C75F-46D2-BC10-E398F580DEEF} = {C4AADB57-C75F-46D2-BC10-E398F580DEEF}
	EndProjectSection
EndProject
Project("{2150E333-8FDC-42A3-9474-1A3956D46DE8}") = "Server", "Server", "{D25F74F4-AFE3-4399-B4EE-46768A0F31D5}"
EndProject
Project("{2150E333-8FDC-42A3-9474-1A3956D46DE8}") = "Client", "Client", "{DA85C1ED-2A0B-4AB7-BE1C-E78C33F379CC}"
EndProject
Project("{FAE04EC0-301F-11D3-BF4B-00C04F79EFBC}") = "NorthwindClient", "NorthwindClient\NorthwindClient.csproj", "{C4AADB57-C75F-46D2-BC10-E398F580DEEF}"
EndProject
Project("{2150E333-8FDC-42A3-9474-1A3956D46DE8}") = "DataAccess", "DataAccess", "{BE415E68-70F3-4262-8B51-D0A817F41363}"
EndProject
Project("{FAE04EC0-301F-11D3-BF4B-00C04F79EFBC}") = "NorthwindDataAccess", "NorthwindDataAccess\NorthwindDataAccess.csproj", "{DBCE9177-D7B3-4298-BC7A-5E83BD8F0259}"
EndProject
Project("{2150E333-8FDC-42A3-9474-1A3956D46DE8}") = "Common", "Common", "{CA6FDAFB-0367-4D35-99BD-65BAC4807225}"
EndProject
Project("{FAE04EC0-301F-11D3-BF4B-00C04F79EFBC}") = "NorthwindCommon", "NorthwindCommon\NorthwindCommon.csproj", "{C4F84CE3-6189-43F5-8692-B3343260D012}"
EndProject
Project("{FAE04EC0-301F-11D3-BF4B-00C04F79EFBC}") = "NorthwindCommonTests", "NorthwindCommonTests\NorthwindCommonTests.csproj", "{C58354AF-ADCE-49A1-94E8-5B71DB048A89}"
EndProject
Project("{FAE04EC0-301F-11D3-BF4B-00C04F79EFBC}") = "NorthwindDataAccessTests", "NorthwindDataAccessTests\NorthwindDataAccessTests.csproj", "{84CBA8BA-D4CE-41F0-9193-106863AEC4F0}"
EndProject
Project("{FAE04EC0-301F-11D3-BF4B-00C04F79EFBC}") = "NorthwindClientService", "NorthwindClientService\NorthwindClientService.csproj", "{78A73C78-76C5-40DF-A7CB-608C667095DB}"
EndProject
Global
	GlobalSection(SolutionConfigurationPlatforms) = preSolution
		Debug|Any CPU = Debug|Any CPU
		Release|Any CPU = Release|Any CPU
	EndGlobalSection
	GlobalSection(ProjectConfigurationPlatforms) = postSolution
		{193AD486-0F13-4FBA-B4E9-28FE208FBF13}.Debug|Any CPU.ActiveCfg = Debug|Any CPU
		{193AD486-0F13-4FBA-B4E9-28FE208FBF13}.Debug|Any CPU.Build.0 = Debug|Any CPU
		{193AD486-0F13-4FBA-B4E9-28FE208FBF13}.Release|Any CPU.ActiveCfg = Release|Any CPU
		{193AD486-0F13-4FBA-B4E9-28FE208FBF13}.Release|Any CPU.Build.0 = Release|Any CPU
		{C4AADB57-C75F-46D2-BC10-E398F580DEEF}.Debug|Any CPU.ActiveCfg = Debug|Any CPU
		{C4AADB57-C75F-46D2-BC10-E398F580DEEF}.Debug|Any CPU.Build.0 = Debug|Any CPU
		{C4AADB57-C75F-46D2-BC10-E398F580DEEF}.Release|Any CPU.ActiveCfg = Release|Any CPU
		{C4AADB57-C75F-46D2-BC10-E398F580DEEF}.Release|Any CPU.Build.0 = Release|Any CPU
		{DBCE9177-D7B3-4298-BC7A-5E83BD8F0259}.Debug|Any CPU.ActiveCfg = Debug|Any CPU
		{DBCE9177-D7B3-4298-BC7A-5E83BD8F0259}.Debug|Any CPU.Build.0 = Debug|Any CPU
		{DBCE9177-D7B3-4298-BC7A-5E83BD8F0259}.Release|Any CPU.ActiveCfg = Release|Any CPU
		{DBCE9177-D7B3-4298-BC7A-5E83BD8F0259}.Release|Any CPU.Build.0 = Release|Any CPU
		{C4F84CE3-6189-43F5-8692-B3343260D012}.Debug|Any CPU.ActiveCfg = Debug|Any CPU
		{C4F84CE3-6189-43F5-8692-B3343260D012}.Debug|Any CPU.Build.0 = Debug|Any CPU
		{C4F84CE3-6189-43F5-8692-B3343260D012}.Release|Any CPU.ActiveCfg = Release|Any CPU
		{C4F84CE3-6189-43F5-8692-B3343260D012}.Release|Any CPU.Build.0 = Release|Any CPU
		{C58354AF-ADCE-49A1-94E8-5B71DB048A89}.Debug|Any CPU.ActiveCfg = Debug|Any CPU
		{C58354AF-ADCE-49A1-94E8-5B71DB048A89}.Debug|Any CPU.Build.0 = Debug|Any CPU
		{C58354AF-ADCE-49A1-94E8-5B71DB048A89}.Release|Any CPU.ActiveCfg = Release|Any CPU
		{C58354AF-ADCE-49A1-94E8-5B71DB048A89}.Release|Any CPU.Build.0 = Release|Any CPU
		{84CBA8BA-D4CE-41F0-9193-106863AEC4F0}.Debug|Any CPU.ActiveCfg = Debug|Any CPU
		{84CBA8BA-D4CE-41F0-9193-106863AEC4F0}.Debug|Any CPU.Build.0 = Debug|Any CPU
		{84CBA8BA-D4CE-41F0-9193-106863AEC4F0}.Release|Any CPU.ActiveCfg = Release|Any CPU
		{84CBA8BA-D4CE-41F0-9193-106863AEC4F0}.Release|Any CPU.Build.0 = Release|Any CPU
		{78A73C78-76C5-40DF-A7CB-608C667095DB}.Debug|Any CPU.ActiveCfg = Debug|Any CPU
		{78A73C78-76C5-40DF-A7CB-608C667095DB}.Debug|Any CPU.Build.0 = Debug|Any CPU
		{78A73C78-76C5-40DF-A7CB-608C667095DB}.Release|Any CPU.ActiveCfg = Release|Any CPU
		{78A73C78-76C5-40DF-A7CB-608C667095DB}.Release|Any CPU.Build.0 = Release|Any CPU
	EndGlobalSection
	GlobalSection(NestedProjects) = preSolution
		{193AD486-0F13-4FBA-B4E9-28FE208FBF13} = {D25F74F4-AFE3-4399-B4EE-46768A0F31D5}
		{C4AADB57-C75F-46D2-BC10-E398F580DEEF} = {DA85C1ED-2A0B-4AB7-BE1C-E78C33F379CC}
		{DBCE9177-D7B3-4298-BC7A-5E83BD8F0259} = {BE415E68-70F3-4262-8B51-D0A817F41363}
		{C4F84CE3-6189-43F5-8692-B3343260D012} = {CA6FDAFB-0367-4D35-99BD-65BAC4807225}
		{C58354AF-ADCE-49A1-94E8-5B71DB048A89} = {CA6FDAFB-0367-4D35-99BD-65BAC4807225}
		{84CBA8BA-D4CE-41F0-9193-106863AEC4F0} = {BE415E68-70F3-4262-8B51-D0A817F41363}
		{78A73C78-76C5-40DF-A7CB-608C667095DB} = {DA85C1ED-2A0B-4AB7-BE1C-E78C33F379CC}
	EndGlobalSection
EndGlobal
